<?xml version="1.0" encoding="utf-8"?>
<Project ToolsVersion="4.0" xmlns="http://schemas.microsoft.com/developer/msbuild/2003">
  <ItemGroup>
    <Filter Include="Source Files">
      <UniqueIdentifier>{4FC737F1-C7A5-4376-A066-2A32D752A2FF}</UniqueIdentifier>
      <Extensions>cpp;c;cc;cxx;c++;cppm;ixx;def;odl;idl;hpj;bat;asm;asmx</Extensions>
    </Filter>
    <Filter Include="Header Files">
      <UniqueIdentifier>{93995380-89BD-4b04-88EB-625FBE52EBFB}</UniqueIdentifier>
      <Extensions>h;hh;hpp;hxx;h++;hm;inl;inc;ipp;xsd</Extensions>
    </Filter>
    <Filter Include="Resource Files">
      <UniqueIdentifier>{67DA6AB6-F800-4c08-8B7A-83BB121AAD01}</UniqueIdentifier>
      <Extensions>rc;ico;cur;bmp;dlg;rc2;rct;bin;rgs;gif;jpg;jpeg;jpe;resx;tiff;tif;png;wav;mfcribbon-ms</Extensions>
    </Filter>
    <Filter Include="Source Files\Renderer">
      <UniqueIdentifier>{8A1E6E1E-1F5E-4C8E-9A5E-1E5E6E1E1E1E}</UniqueIdentifier>
    </Filter>
    <Filter Include="Source Files\UI">
      <UniqueIdentifier>{8A2E6E1E-1F5E-4C8E-9A5E-1E5E6E1E1E1E}</UniqueIdentifier>
    </Filter>
    <Filter Include="Source Files\UI\Panels">
      <UniqueIdentifier>{8A3E6E1E-1F5E-4C8E-9A5E-1E5E6E1E1E1E}</UniqueIdentifier>
    </Filter>
    <Filter Include="Source Files\Core">
      <UniqueIdentifier>{8A4E6E1E-1F5E-4C8E-9A5E-1E5E6E1E1E1E}</UniqueIdentifier>
    </Filter>
    <Filter Include="Source Files\IO">
      <UniqueIdentifier>{8A5E6E1E-1F5E-4C8E-9A5E-1E5E6E1E1E1E}</UniqueIdentifier>
    </Filter>
    <Filter Include="Source Files\Vendor">
      <UniqueIdentifier>{8A6E6E1E-1F5E-4C8E-9A5E-1E5E6E1E1E1E}</UniqueIdentifier>
    </Filter>
    <Filter Include="Header Files\Renderer">
      <UniqueIdentifier>{9A1E6E1E-1F5E-4C8E-9A5E-1E5E6E1E1E1E}</UniqueIdentifier>
    </Filter>
    <Filter Include="Header Files\UI">
      <UniqueIdentifier>{9A2E6E1E-1F5E-4C8E-9A5E-1E5E6E1E1E1E}</UniqueIdentifier>
    </Filter>
    <Filter Include="Header Files\UI\Panels">
      <UniqueIdentifier>{9A3E6E1E-1F5E-4C8E-9A5E-1E5E6E1E1E1E}</UniqueIdentifier>
    </Filter>
    <Filter Include="Header Files\Core">
      <UniqueIdentifier>{9A4E6E1E-1F5E-4C8E-9A5E-1E5E6E1E1E1E}</UniqueIdentifier>
    </Filter>
    <Filter Include="Header Files\IO">
      <UniqueIdentifier>{9A5E6E1E-1F5E-4C8E-9A5E-1E5E6E1E1E1E}</UniqueIdentifier>
    </Filter>
    <Filter Include="Header Files\Vendor">
      <UniqueIdentifier>{9A6E6E1E-1F5E-4C8E-9A5E-1E5E6E1E1E1E}</UniqueIdentifier>
    </Filter>
  </ItemGroup>
  <ItemGroup>
    <ClCompile Include="src\main.cpp">
      <Filter>Source Files</Filter>
    </ClCompile>
    <ClCompile Include="src\App.cpp">
      <Filter>Source Files</Filter>
    </ClCompile>
    <ClCompile Include="src\Renderer\GLContext.cpp">
      <Filter>Source Files\Renderer</Filter>
    </ClCompile>
    <ClCompile Include="src\Renderer\MeshRenderer.cpp">
      <Filter>Source Files\Renderer</Filter>
    </ClCompile>
    <ClCompile Include="src\Renderer\GridRenderer.cpp">
      <Filter>Source Files\Renderer</Filter>
    </ClCompile>
    <ClCompile Include="src\Renderer\AxisGizmoRenderer.cpp">
      <Filter>Source Files\Renderer</Filter>
    </ClCompile>
    <ClCompile Include="src\Renderer\FramebufferRenderer.cpp">
      <Filter>Source Files\Renderer</Filter>
    </ClCompile>
    <ClCompile Include="src\Renderer\Shader.cpp">
      <Filter>Source Files\Renderer</Filter>
    </ClCompile>
    <ClCompile Include="src\UI\UIManager.cpp">
      <Filter>Source Files\UI</Filter>
    </ClCompile>
    <ClCompile Include="src\UI\Panels\ViewportPanel.cpp">
      <Filter>Source Files\UI\Panels</Filter>
    </ClCompile>
    <ClCompile Include="src\UI\Panels\OutlinerPanel.cpp">
      <Filter>Source Files\UI\Panels</Filter>
    </ClCompile>
    <ClCompile Include="src\UI\Panels\InspectorPanel.cpp">
      <Filter>Source Files\UI\Panels</Filter>
    </ClCompile>
    <ClCompile Include="src\UI\Panels\ConsolePanel.cpp">
      <Filter>Source Files\UI\Panels</Filter>
    </ClCompile>
    <ClCompile Include="src\UI\Panels\MetricsPanel.cpp">
      <Filter>Source Files\UI\Panels</Filter>
    </ClCompile>
    <ClCompile Include="src\Core\Scene.cpp">
      <Filter>Source Files\Core</Filter>
    </ClCompile>
    <ClCompile Include="src\Core\Mesh.cpp">
      <Filter>Source Files\Core</Filter>
    </ClCompile>
    <ClCompile Include="src\Core\MeshOps.cpp">
      <Filter>Source Files\Core</Filter>
    </ClCompile>
    <ClCompile Include="src\Core\Selection.cpp">
      <Filter>Source Files\Core</Filter>
    </ClCompile>
    <ClCompile Include="src\Core\Camera.cpp">
      <Filter>Source Files\Core</Filter>
    </ClCompile>
    <ClCompile Include="src\Core\Input.cpp">
      <Filter>Source Files\Core</Filter>
    </ClCompile>
    <ClCompile Include="src\Core\Command.cpp">
      <Filter>Source Files\Core</Filter>
    </ClCompile>
    <ClCompile Include="src\Core\Raycast.cpp">
      <Filter>Source Files\Core</Filter>
    </ClCompile>
    <ClCompile Include="src\IO\OBJLoader.cpp">
      <Filter>Source Files\IO</Filter>
    </ClCompile>
    <ClCompile Include="src\IO\OBJWriter.cpp">
      <Filter>Source Files\IO</Filter>
    </ClCompile>
    <ClCompile Include="src\IO\ProjectSerializer.cpp">
      <Filter>Source Files\IO</Filter>
    </ClCompile>
    <ClCompile Include="vendor\imguizmo\ImGuizmo.cpp">
      <Filter>Source Files\Vendor</Filter>
    </ClCompile>
  </ItemGroup>
  <ItemGroup>
    <ClInclude Include="src\App.hpp">
      <Filter>Header Files</Filter>
    </ClInclude>
    <ClInclude Include="src\Renderer\GLContext.hpp">
      <Filter>Header Files\Renderer</Filter>
    </ClInclude>
    <ClInclude Include="src\Renderer\MeshRenderer.hpp">
      <Filter>Header Files\Renderer</Filter>
    </ClInclude>
    <ClInclude Include="src\Renderer\GridRenderer.hpp">
      <Filter>Header Files\Renderer</Filter>
    </ClInclude>
    <ClInclude Include="src\Renderer\AxisGizmoRenderer.hpp">
      <Filter>Header Files\Renderer</Filter>
    </ClInclude>
    <ClInclude Include="src\Renderer\FramebufferRenderer.hpp">
      <Filter>Header Files\Renderer</Filter>
    </ClInclude>
    <ClInclude Include="src\Renderer\Shader.hpp">
      <Filter>Header Files\Renderer</Filter>
    </ClInclude>
    <ClInclude Include="src\UI\UIManager.hpp">
      <Filter>Header Files\UI</Filter>
    </ClInclude>
    <ClInclude Include="src\UI\Panels\ViewportPanel.hpp">
      <Filter>Header Files\UI\Panels</Filter>
    </ClInclude>
    <ClInclude Include="src\UI\Panels\OutlinerPanel.hpp">
      <Filter>Header Files\UI\Panels</Filter>
    </ClInclude>
    <ClInclude Include="src\UI\Panels\InspectorPanel.hpp">
      <Filter>Header Files\UI\Panels</Filter>
    </ClInclude>
    <ClInclude Include="src\UI\Panels\ConsolePanel.hpp">
      <Filter>Header Files\UI\Panels</Filter>
    </ClInclude>
    <ClInclude Include="src\UI\Panels\MetricsPanel.hpp">
      <Filter>Header Files\UI\Panels</Filter>
    </ClInclude>
    <ClInclude Include="src\Core\Scene.hpp">
      <Filter>Header Files\Core</Filter>
    </ClInclude>
    <ClInclude Include="src\Core\Mesh.hpp">
      <Filter>Header Files\Core</Filter>
    </ClInclude>
    <ClInclude Include="src\Core\MeshOps.hpp">
      <Filter>Header Files\Core</Filter>
    </ClInclude>
    <ClInclude Include="src\Core\Selection.hpp">
      <Filter>Header Files\Core</Filter>
    </ClInclude>
    <ClInclude Include="src\Core\Camera.hpp">
      <Filter>Header Files\Core</Filter>
    </ClInclude>
    <ClInclude Include="src\Core\Input.hpp">
      <Filter>Header Files\Core</Filter>
    </ClInclude>
    <ClInclude Include="src\Core\Command.hpp">
      <Filter>Header Files\Core</Filter>
    </ClInclude>
    <ClInclude Include="src\Core\Raycast.hpp">
      <Filter>Header Files\Core</Filter>
    </ClInclude>
    <ClInclude Include="src\IO\OBJLoader.hpp">
      <Filter>Header Files\IO</Filter>
    </ClInclude>
    <ClInclude Include="src\IO\OBJWriter.hpp">
      <Filter>Header Files\IO</Filter>
    </ClInclude>
    <ClInclude Include="src\IO\ProjectSerializer.hpp">
      <Filter>Header Files\IO</Filter>
    </ClInclude>
    <ClInclude Include="vendor\imguizmo\ImGuizmo.h">
      <Filter>Header Files\Vendor</Filter>
    </ClInclude>
  </ItemGroup>
  <ItemGroup>
    <None Include="vcpkg.json" />
    <None Include="CMakeLists.txt" />
    <None Include="README.md" />
    <None Include="QUICKSTART.md" />
    <None Include="ARCHITECTURE.md" />
    <None Include="IMPLEMENTATION_SUMMARY.md" />
  </ItemGroup>
</Project>
