<?xml version="1.0" encoding="utf-8"?>
<Project ToolsVersion="4.0" xmlns="http://schemas.microsoft.com/developer/msbuild/2003">
  <ItemGroup>
    <Filter Include="Source Files">
      <UniqueIdentifier>{2B54E8E4-6B6B-4C4A-9207-3C9A7C6508F0}</UniqueIdentifier>
      <Extensions>cpp;c;cc;cxx</Extensions>
    </Filter>
    <Filter Include="Header Files">
      <UniqueIdentifier>{F8A78D2E-ABDE-4E9C-9A96-1F4F36C6BB95}</UniqueIdentifier>
      <Extensions>h;hpp;hxx</Extensions>
    </Filter>
    <Filter Include="ThirdParty">
      <UniqueIdentifier>{00B1B589-37BD-4CF2-93F6-3D2A12B8A701}</UniqueIdentifier>
    </Filter>
  </ItemGroup>
  <ItemGroup>
    <ClCompile Include="main.cpp">
      <Filter>Source Files</Filter>
    </ClCompile>
    <ClCompile Include="MainWindow.cpp">
      <Filter>Source Files</Filter>
    </ClCompile>
    <ClCompile Include="ViewportWidget.cpp">
      <Filter>Source Files</Filter>
    </ClCompile>
    <ClCompile Include="D3D11Renderer.cpp">
      <Filter>Source Files</Filter>
    </ClCompile>
    <ClCompile Include="D3D11TextureLoader.cpp">
      <Filter>Source Files</Filter>
    </ClCompile>
    <ClCompile Include="MeshImport.cpp">
      <Filter>Source Files</Filter>
    </ClCompile>
  </ItemGroup>
  <ItemGroup>
    <ClInclude Include="MainWindow.h">
      <Filter>Header Files</Filter>
    </ClInclude>
    <ClInclude Include="ViewportWidget.h">
      <Filter>Header Files</Filter>
    </ClInclude>
    <ClInclude Include="D3D11Renderer.h">
      <Filter>Header Files</Filter>
    </ClInclude>
    <ClInclude Include="D3D11TextureLoader.h">
      <Filter>Header Files</Filter>
    </ClInclude>
    <ClInclude Include="MeshImport.h">
      <Filter>Header Files</Filter>
    </ClInclude>
    <ClInclude Include="third_party\tinygltf\tiny_gltf.h">
      <Filter>ThirdParty</Filter>
    </ClInclude>
    <ClInclude Include="third_party\tinyobjloader\tiny_obj_loader.h">
      <Filter>ThirdParty</Filter>
    </ClInclude>
  </ItemGroup>
</Project>
